
Microsoft Visual Studio Solution File, Format Version 12.00
# Visual Studio Version 17
VisualStudioVersion = 17.1.32210.238
MinimumVisualStudioVersion = 10.0.40219.1
Project("{2150E333-8FDC-42A3-9474-1A3956D46DE8}") = "src", "src", "{5170B22A-F1E5-412D-919A-0342EEDA37F7}"
EndProject
Project("{2150E333-8FDC-42A3-9474-1A3956D46DE8}") = "docs", "docs", "{BB4B948E-F602-4E09-A635-BE7470C87291}"
	ProjectSection(SolutionItems) = preProject
		docs\README.md = docs\README.md
	EndProjectSection
EndProject
Project("{2150E333-8FDC-42A3-9474-1A3956D46DE8}") = "Contextos", "Contextos", "{925C4D4E-170D-4C99-A3B7-7DA66CBD7F54}"
EndProject
Project("{2150E333-8FDC-42A3-9474-1A3956D46DE8}") = "Cadastros", "Cadastros", "{36D4438A-DEE8-41E0-B62D-FE7684D124B8}"
EndProject
Project("{2150E333-8FDC-42A3-9474-1A3956D46DE8}") = "2-Dominios", "2-Dominios", "{26D32CB9-D49B-4A09-BC90-76140A13FBA0}"
EndProject
Project("{9A19103F-16F7-4668-BE54-9A1E7A4F7556}") = "TesteKeyworks.Cadastros.Dominios", "src\TesteKeyworks.Cadastros.Dominios\TesteKeyworks.Cadastros.Dominios.csproj", "{17ABCAE1-4974-4EEF-B61E-A2B6317646F2}"
EndProject
Project("{2150E333-8FDC-42A3-9474-1A3956D46DE8}") = "3-Infra", "3-Infra", "{A6235921-DC0F-4AD4-A3EB-82F120C55CDF}"
EndProject
Project("{2150E333-8FDC-42A3-9474-1A3956D46DE8}") = "3.1-Dados", "3.1-Dados", "{A6F9C81F-65BD-476C-B3F7-718983FECFC0}"
EndProject
Project("{2150E333-8FDC-42A3-9474-1A3956D46DE8}") = "3.2-CrossCutting", "3.2-CrossCutting", "{E6774E3C-AFAB-4524-B908-4A930973C94E}"
EndProject
Project("{9A19103F-16F7-4668-BE54-9A1E7A4F7556}") = "TesteKeyworks.Cadastros.Infra.Dados", "src\TesteKeyworks.Cadastros.Infra.Dados\TesteKeyworks.Cadastros.Infra.Dados.csproj", "{65B126D5-9A0C-419C-ADC3-A26FE48E5AC8}"
EndProject
Project("{9A19103F-16F7-4668-BE54-9A1E7A4F7556}") = "TesteKeyworks.Cadastros.Infra.CrossCutting", "src\TesteKeyworks.Cadastros.Infra.CrossCutting\TesteKeyworks.Cadastros.Infra.CrossCutting.csproj", "{21C95166-D2A5-4F33-9D0C-3CBB107B8B6E}"
EndProject
Project("{2150E333-8FDC-42A3-9474-1A3956D46DE8}") = "WebApp", "WebApp", "{8448FB29-292D-49E6-BD75-73F0B102BD74}"
EndProject
Project("{FAE04EC0-301F-11D3-BF4B-00C04F79EFBC}") = "TesteKeyworks.WebApp.MVC", "src\TesteKeyworks.WebApp.MVC\TesteKeyworks.WebApp.MVC.csproj", "{D169ABE8-FA19-4761-A049-EE4EF7E7B082}"
EndProject
Global
	GlobalSection(SolutionConfigurationPlatforms) = preSolution
		Debug|Any CPU = Debug|Any CPU
		Release|Any CPU = Release|Any CPU
	EndGlobalSection
	GlobalSection(ProjectConfigurationPlatforms) = postSolution
		{17ABCAE1-4974-4EEF-B61E-A2B6317646F2}.Debug|Any CPU.ActiveCfg = Debug|Any CPU
		{17ABCAE1-4974-4EEF-B61E-A2B6317646F2}.Debug|Any CPU.Build.0 = Debug|Any CPU
		{17ABCAE1-4974-4EEF-B61E-A2B6317646F2}.Release|Any CPU.ActiveCfg = Release|Any CPU
		{17ABCAE1-4974-4EEF-B61E-A2B6317646F2}.Release|Any CPU.Build.0 = Release|Any CPU
		{65B126D5-9A0C-419C-ADC3-A26FE48E5AC8}.Debug|Any CPU.ActiveCfg = Debug|Any CPU
		{65B126D5-9A0C-419C-ADC3-A26FE48E5AC8}.Debug|Any CPU.Build.0 = Debug|Any CPU
		{65B126D5-9A0C-419C-ADC3-A26FE48E5AC8}.Release|Any CPU.ActiveCfg = Release|Any CPU
		{65B126D5-9A0C-419C-ADC3-A26FE48E5AC8}.Release|Any CPU.Build.0 = Release|Any CPU
		{21C95166-D2A5-4F33-9D0C-3CBB107B8B6E}.Debug|Any CPU.ActiveCfg = Debug|Any CPU
		{21C95166-D2A5-4F33-9D0C-3CBB107B8B6E}.Debug|Any CPU.Build.0 = Debug|Any CPU
		{21C95166-D2A5-4F33-9D0C-3CBB107B8B6E}.Release|Any CPU.ActiveCfg = Release|Any CPU
		{21C95166-D2A5-4F33-9D0C-3CBB107B8B6E}.Release|Any CPU.Build.0 = Release|Any CPU
		{D169ABE8-FA19-4761-A049-EE4EF7E7B082}.Debug|Any CPU.ActiveCfg = Debug|Any CPU
		{D169ABE8-FA19-4761-A049-EE4EF7E7B082}.Debug|Any CPU.Build.0 = Debug|Any CPU
		{D169ABE8-FA19-4761-A049-EE4EF7E7B082}.Release|Any CPU.ActiveCfg = Release|Any CPU
		{D169ABE8-FA19-4761-A049-EE4EF7E7B082}.Release|Any CPU.Build.0 = Release|Any CPU
	EndGlobalSection
	GlobalSection(SolutionProperties) = preSolution
		HideSolutionNode = FALSE
	EndGlobalSection
	GlobalSection(NestedProjects) = preSolution
		{925C4D4E-170D-4C99-A3B7-7DA66CBD7F54} = {5170B22A-F1E5-412D-919A-0342EEDA37F7}
		{36D4438A-DEE8-41E0-B62D-FE7684D124B8} = {925C4D4E-170D-4C99-A3B7-7DA66CBD7F54}
		{26D32CB9-D49B-4A09-BC90-76140A13FBA0} = {36D4438A-DEE8-41E0-B62D-FE7684D124B8}
		{17ABCAE1-4974-4EEF-B61E-A2B6317646F2} = {26D32CB9-D49B-4A09-BC90-76140A13FBA0}
		{A6235921-DC0F-4AD4-A3EB-82F120C55CDF} = {36D4438A-DEE8-41E0-B62D-FE7684D124B8}
		{A6F9C81F-65BD-476C-B3F7-718983FECFC0} = {A6235921-DC0F-4AD4-A3EB-82F120C55CDF}
		{E6774E3C-AFAB-4524-B908-4A930973C94E} = {A6235921-DC0F-4AD4-A3EB-82F120C55CDF}
		{65B126D5-9A0C-419C-ADC3-A26FE48E5AC8} = {A6F9C81F-65BD-476C-B3F7-718983FECFC0}
		{21C95166-D2A5-4F33-9D0C-3CBB107B8B6E} = {E6774E3C-AFAB-4524-B908-4A930973C94E}
		{8448FB29-292D-49E6-BD75-73F0B102BD74} = {5170B22A-F1E5-412D-919A-0342EEDA37F7}
		{D169ABE8-FA19-4761-A049-EE4EF7E7B082} = {8448FB29-292D-49E6-BD75-73F0B102BD74}
	EndGlobalSection
	GlobalSection(ExtensibilityGlobals) = postSolution
		SolutionGuid = {DCB9ED9D-82D0-4C46-A86D-8D9D1585EED8}
	EndGlobalSection
EndGlobal
